// !$*UTF8*$!
{
	archiveVersion = 1;
	classes = {
	};
	objectVersion = 46;
	objects = {

/* Begin PBXBuildFile section */
		370DB7E81EC42B0100B8133E /* AlertViewHelper.swift in Sources */ = {isa = PBXBuildFile; fileRef = 370DB7E71EC42B0100B8133E /* AlertViewHelper.swift */; };
		370DB7EA1EC4534E00B8133E /* MainPageVC.swift in Sources */ = {isa = PBXBuildFile; fileRef = 370DB7E91EC4534E00B8133E /* MainPageVC.swift */; };
		370DB7EC1EC4B85F00B8133E /* HomeVC.swift in Sources */ = {isa = PBXBuildFile; fileRef = 370DB7EB1EC4B85F00B8133E /* HomeVC.swift */; };
		370DB7EE1EC4B89B00B8133E /* HeaderView.swift in Sources */ = {isa = PBXBuildFile; fileRef = 370DB7ED1EC4B89B00B8133E /* HeaderView.swift */; };
		370DB7F01EC4BA9300B8133E /* PictureCell.swift in Sources */ = {isa = PBXBuildFile; fileRef = 370DB7EF1EC4BA9300B8133E /* PictureCell.swift */; };
		370DB7F41EC6902100B8133E /* FollowersVC.swift in Sources */ = {isa = PBXBuildFile; fileRef = 370DB7F31EC6902100B8133E /* FollowersVC.swift */; };
		370DB7F61EC6905B00B8133E /* FollowersCell.swift in Sources */ = {isa = PBXBuildFile; fileRef = 370DB7F51EC6905B00B8133E /* FollowersCell.swift */; };
		37390D521EC85DE000E7A456 /* PlanVC.swift in Sources */ = {isa = PBXBuildFile; fileRef = 37390D511EC85DE000E7A456 /* PlanVC.swift */; };
		37390D541EC87C0500E7A456 /* DIYCalendarCell.swift in Sources */ = {isa = PBXBuildFile; fileRef = 37390D531EC87C0500E7A456 /* DIYCalendarCell.swift */; };
		37390D561EC87C0D00E7A456 /* DIYExampleViewController.swift in Sources */ = {isa = PBXBuildFile; fileRef = 37390D551EC87C0D00E7A456 /* DIYExampleViewController.swift */; };
		37390D5B1EC880ED00E7A456 /* CalendarConfigViewController.swift in Sources */ = {isa = PBXBuildFile; fileRef = 37390D571EC880ED00E7A456 /* CalendarConfigViewController.swift */; };
		37390D5C1EC880ED00E7A456 /* InterfaceBuilderViewController.swift in Sources */ = {isa = PBXBuildFile; fileRef = 37390D581EC880ED00E7A456 /* InterfaceBuilderViewController.swift */; };
		37390D5D1EC880ED00E7A456 /* LoadViewExampleViewController.swift in Sources */ = {isa = PBXBuildFile; fileRef = 37390D591EC880ED00E7A456 /* LoadViewExampleViewController.swift */; };
		37390D5E1EC880ED00E7A456 /* ViewController.swift in Sources */ = {isa = PBXBuildFile; fileRef = 37390D5A1EC880ED00E7A456 /* ViewController.swift */; };
		37390D601EC881E500E7A456 /* TableViewController.swift in Sources */ = {isa = PBXBuildFile; fileRef = 37390D5F1EC881E500E7A456 /* TableViewController.swift */; };
		37390D621EC8824100E7A456 /* DelegateAppearanceViewController.swift in Sources */ = {isa = PBXBuildFile; fileRef = 37390D611EC8824100E7A456 /* DelegateAppearanceViewController.swift */; };
		37390D6E1EC8842900E7A456 /* Images.xcassets in Resources */ = {isa = PBXBuildFile; fileRef = 37390D6D1EC8842900E7A456 /* Images.xcassets */; };
		37390D701EC8852800E7A456 /* FSCalendarScopeViewController.swift in Sources */ = {isa = PBXBuildFile; fileRef = 37390D6F1EC8852800E7A456 /* FSCalendarScopeViewController.swift */; };
		377943CD1EC6A3F9009A091C /* Home2VC.swift in Sources */ = {isa = PBXBuildFile; fileRef = 377943CC1EC6A3F9009A091C /* Home2VC.swift */; };
		37EE95BE1EC0C9EA00C98ACE /* selectVC.swift in Sources */ = {isa = PBXBuildFile; fileRef = 37EE95BD1EC0C9EA00C98ACE /* selectVC.swift */; };
		37EE95C01EC1F8BA00C98ACE /* SignUpVCteacher.swift in Sources */ = {isa = PBXBuildFile; fileRef = 37EE95BF1EC1F8BA00C98ACE /* SignUpVCteacher.swift */; };
		37EE95C21EC1F8D200C98ACE /* SignUpVCparents.swift in Sources */ = {isa = PBXBuildFile; fileRef = 37EE95C11EC1F8D200C98ACE /* SignUpVCparents.swift */; };
		4727986F1D1E473D00627A1F /* pp.jpg in Resources */ = {isa = PBXBuildFile; fileRef = 4727986E1D1E473D00627A1F /* pp.jpg */; };
		473278F41D1B389B00176754 /* AppDelegate.swift in Sources */ = {isa = PBXBuildFile; fileRef = 473278F31D1B389B00176754 /* AppDelegate.swift */; };
		473278F91D1B389B00176754 /* Main.storyboard in Resources */ = {isa = PBXBuildFile; fileRef = 473278F71D1B389B00176754 /* Main.storyboard */; };
		473278FB1D1B389B00176754 /* Assets.xcassets in Resources */ = {isa = PBXBuildFile; fileRef = 473278FA1D1B389B00176754 /* Assets.xcassets */; };
		473278FE1D1B389B00176754 /* LaunchScreen.storyboard in Resources */ = {isa = PBXBuildFile; fileRef = 473278FC1D1B389B00176754 /* LaunchScreen.storyboard */; };
		473279071D1B393C00176754 /* AVOSCloud.framework in Frameworks */ = {isa = PBXBuildFile; fileRef = 473279061D1B393C00176754 /* AVOSCloud.framework */; };
		473279091D1B395000176754 /* AVOSCloud.framework in Embed Frameworks */ = {isa = PBXBuildFile; fileRef = 473279061D1B393C00176754 /* AVOSCloud.framework */; settings = {ATTRIBUTES = (CodeSignOnCopy, RemoveHeadersOnCopy, ); }; };
		4732790C1D1B425C00176754 /* SignInVC.swift in Sources */ = {isa = PBXBuildFile; fileRef = 4732790B1D1B425C00176754 /* SignInVC.swift */; };
		4732790E1D1B428300176754 /* SignUpVC.swift in Sources */ = {isa = PBXBuildFile; fileRef = 4732790D1D1B428300176754 /* SignUpVC.swift */; };
		473279101D1B429700176754 /* ResetPasswordVC.swift in Sources */ = {isa = PBXBuildFile; fileRef = 4732790F1D1B429700176754 /* ResetPasswordVC.swift */; };
		478143BC1D2409DB003C4A1B /* Pacifico.ttf in Resources */ = {isa = PBXBuildFile; fileRef = 478143BB1D2409DB003C4A1B /* Pacifico.ttf */; };
		478143BE1D247B65003C4A1B /* bg.jpg in Resources */ = {isa = PBXBuildFile; fileRef = 478143BD1D247B65003C4A1B /* bg.jpg */; };
		E0A7B35BD2C6CDB433559D7E /* Pods_Instagram.framework in Frameworks */ = {isa = PBXBuildFile; fileRef = 0C045292FED05C8662FE8D97 /* Pods_Instagram.framework */; };
/* End PBXBuildFile section */

/* Begin PBXCopyFilesBuildPhase section */
		4732790A1D1B395000176754 /* Embed Frameworks */ = {
			isa = PBXCopyFilesBuildPhase;
			buildActionMask = 2147483647;
			dstPath = "";
			dstSubfolderSpec = 10;
			files = (
				473279091D1B395000176754 /* AVOSCloud.framework in Embed Frameworks */,
			);
			name = "Embed Frameworks";
			runOnlyForDeploymentPostprocessing = 0;
		};
/* End PBXCopyFilesBuildPhase section */

/* Begin PBXFileReference section */
		0C045292FED05C8662FE8D97 /* Pods_Instagram.framework */ = {isa = PBXFileReference; explicitFileType = wrapper.framework; includeInIndex = 0; path = Pods_Instagram.framework; sourceTree = BUILT_PRODUCTS_DIR; };
		2001C927CB583DEAA2DE2EDE /* Pods-Instagram.debug.xcconfig */ = {isa = PBXFileReference; includeInIndex = 1; lastKnownFileType = text.xcconfig; name = "Pods-Instagram.debug.xcconfig"; path = "Pods/Target Support Files/Pods-Instagram/Pods-Instagram.debug.xcconfig"; sourceTree = "<group>"; };
		2018106C744ED7197F31ECE1 /* Pods-Instagram.release.xcconfig */ = {isa = PBXFileReference; includeInIndex = 1; lastKnownFileType = text.xcconfig; name = "Pods-Instagram.release.xcconfig"; path = "Pods/Target Support Files/Pods-Instagram/Pods-Instagram.release.xcconfig"; sourceTree = "<group>"; };
		370DB7E71EC42B0100B8133E /* AlertViewHelper.swift */ = {isa = PBXFileReference; fileEncoding = 4; lastKnownFileType = sourcecode.swift; name = AlertViewHelper.swift; path = "../../../LeanStorageDemo-iOS/LeanStorageDemoSwift/LeanStorageDemoSwift/AlertViewHelper.swift"; sourceTree = "<group>"; };
		370DB7E91EC4534E00B8133E /* MainPageVC.swift */ = {isa = PBXFileReference; fileEncoding = 4; lastKnownFileType = sourcecode.swift; path = MainPageVC.swift; sourceTree = "<group>"; };
		370DB7EB1EC4B85F00B8133E /* HomeVC.swift */ = {isa = PBXFileReference; fileEncoding = 4; lastKnownFileType = sourcecode.swift; path = HomeVC.swift; sourceTree = "<group>"; };
		370DB7ED1EC4B89B00B8133E /* HeaderView.swift */ = {isa = PBXFileReference; fileEncoding = 4; lastKnownFileType = sourcecode.swift; path = HeaderView.swift; sourceTree = "<group>"; };
		370DB7EF1EC4BA9300B8133E /* PictureCell.swift */ = {isa = PBXFileReference; fileEncoding = 4; lastKnownFileType = sourcecode.swift; path = PictureCell.swift; sourceTree = "<group>"; };
		370DB7F31EC6902100B8133E /* FollowersVC.swift */ = {isa = PBXFileReference; fileEncoding = 4; lastKnownFileType = sourcecode.swift; name = FollowersVC.swift; path = ../FollowersVC.swift; sourceTree = "<group>"; };
		370DB7F51EC6905B00B8133E /* FollowersCell.swift */ = {isa = PBXFileReference; fileEncoding = 4; lastKnownFileType = sourcecode.swift; name = FollowersCell.swift; path = ../FollowersCell.swift; sourceTree = "<group>"; };
		37390D511EC85DE000E7A456 /* PlanVC.swift */ = {isa = PBXFileReference; fileEncoding = 4; lastKnownFileType = sourcecode.swift; name = PlanVC.swift; path = ../PlanVC.swift; sourceTree = "<group>"; };
		37390D531EC87C0500E7A456 /* DIYCalendarCell.swift */ = {isa = PBXFileReference; fileEncoding = 4; lastKnownFileType = sourcecode.swift; path = DIYCalendarCell.swift; sourceTree = "<group>"; };
		37390D551EC87C0D00E7A456 /* DIYExampleViewController.swift */ = {isa = PBXFileReference; fileEncoding = 4; lastKnownFileType = sourcecode.swift; path = DIYExampleViewController.swift; sourceTree = "<group>"; };
		37390D571EC880ED00E7A456 /* CalendarConfigViewController.swift */ = {isa = PBXFileReference; fileEncoding = 4; lastKnownFileType = sourcecode.swift; path = CalendarConfigViewController.swift; sourceTree = "<group>"; };
		37390D581EC880ED00E7A456 /* InterfaceBuilderViewController.swift */ = {isa = PBXFileReference; fileEncoding = 4; lastKnownFileType = sourcecode.swift; path = InterfaceBuilderViewController.swift; sourceTree = "<group>"; };
		37390D591EC880ED00E7A456 /* LoadViewExampleViewController.swift */ = {isa = PBXFileReference; fileEncoding = 4; lastKnownFileType = sourcecode.swift; path = LoadViewExampleViewController.swift; sourceTree = "<group>"; };
		37390D5A1EC880ED00E7A456 /* ViewController.swift */ = {isa = PBXFileReference; fileEncoding = 4; lastKnownFileType = sourcecode.swift; path = ViewController.swift; sourceTree = "<group>"; };
		37390D5F1EC881E500E7A456 /* TableViewController.swift */ = {isa = PBXFileReference; fileEncoding = 4; lastKnownFileType = sourcecode.swift; path = TableViewController.swift; sourceTree = "<group>"; };
		37390D611EC8824100E7A456 /* DelegateAppearanceViewController.swift */ = {isa = PBXFileReference; fileEncoding = 4; lastKnownFileType = sourcecode.swift; path = DelegateAppearanceViewController.swift; sourceTree = "<group>"; };
		37390D6D1EC8842900E7A456 /* Images.xcassets */ = {isa = PBXFileReference; lastKnownFileType = folder.assetcatalog; path = Images.xcassets; sourceTree = "<group>"; };
		37390D6F1EC8852800E7A456 /* FSCalendarScopeViewController.swift */ = {isa = PBXFileReference; fileEncoding = 4; lastKnownFileType = sourcecode.swift; path = FSCalendarScopeViewController.swift; sourceTree = "<group>"; };
		377943CC1EC6A3F9009A091C /* Home2VC.swift */ = {isa = PBXFileReference; fileEncoding = 4; lastKnownFileType = sourcecode.swift; path = Home2VC.swift; sourceTree = "<group>"; };
		37EE95BD1EC0C9EA00C98ACE /* selectVC.swift */ = {isa = PBXFileReference; fileEncoding = 4; lastKnownFileType = sourcecode.swift; path = selectVC.swift; sourceTree = "<group>"; };
		37EE95BF1EC1F8BA00C98ACE /* SignUpVCteacher.swift */ = {isa = PBXFileReference; fileEncoding = 4; lastKnownFileType = sourcecode.swift; path = SignUpVCteacher.swift; sourceTree = "<group>"; };
		37EE95C11EC1F8D200C98ACE /* SignUpVCparents.swift */ = {isa = PBXFileReference; fileEncoding = 4; lastKnownFileType = sourcecode.swift; path = SignUpVCparents.swift; sourceTree = "<group>"; };
		4727986E1D1E473D00627A1F /* pp.jpg */ = {isa = PBXFileReference; lastKnownFileType = image.jpeg; path = pp.jpg; sourceTree = "<group>"; };
		473278F01D1B389B00176754 /* Instagram.app */ = {isa = PBXFileReference; explicitFileType = wrapper.application; includeInIndex = 0; path = Instagram.app; sourceTree = BUILT_PRODUCTS_DIR; };
		473278F31D1B389B00176754 /* AppDelegate.swift */ = {isa = PBXFileReference; lastKnownFileType = sourcecode.swift; path = AppDelegate.swift; sourceTree = "<group>"; };
		473278F81D1B389B00176754 /* Base */ = {isa = PBXFileReference; lastKnownFileType = file.storyboard; name = Base; path = Base.lproj/Main.storyboard; sourceTree = "<group>"; };
		473278FA1D1B389B00176754 /* Assets.xcassets */ = {isa = PBXFileReference; lastKnownFileType = folder.assetcatalog; path = Assets.xcassets; sourceTree = "<group>"; };
		473278FD1D1B389B00176754 /* Base */ = {isa = PBXFileReference; lastKnownFileType = file.storyboard; name = Base; path = Base.lproj/LaunchScreen.storyboard; sourceTree = "<group>"; };
		473278FF1D1B389B00176754 /* Info.plist */ = {isa = PBXFileReference; lastKnownFileType = text.plist.xml; path = Info.plist; sourceTree = "<group>"; };
		473279061D1B393C00176754 /* AVOSCloud.framework */ = {isa = PBXFileReference; lastKnownFileType = wrapper.framework; path = AVOSCloud.framework; sourceTree = "<group>"; };
		4732790B1D1B425C00176754 /* SignInVC.swift */ = {isa = PBXFileReference; fileEncoding = 4; lastKnownFileType = sourcecode.swift; path = SignInVC.swift; sourceTree = "<group>"; };
		4732790D1D1B428300176754 /* SignUpVC.swift */ = {isa = PBXFileReference; fileEncoding = 4; lastKnownFileType = sourcecode.swift; path = SignUpVC.swift; sourceTree = "<group>"; };
		4732790F1D1B429700176754 /* ResetPasswordVC.swift */ = {isa = PBXFileReference; fileEncoding = 4; lastKnownFileType = sourcecode.swift; path = ResetPasswordVC.swift; sourceTree = "<group>"; };
		478143BB1D2409DB003C4A1B /* Pacifico.ttf */ = {isa = PBXFileReference; lastKnownFileType = file; path = Pacifico.ttf; sourceTree = "<group>"; };
		478143BD1D247B65003C4A1B /* bg.jpg */ = {isa = PBXFileReference; lastKnownFileType = image.jpeg; path = bg.jpg; sourceTree = "<group>"; };
/* End PBXFileReference section */

/* Begin PBXFrameworksBuildPhase section */
		473278ED1D1B389B00176754 /* Frameworks */ = {
			isa = PBXFrameworksBuildPhase;
			buildActionMask = 2147483647;
			files = (
				473279071D1B393C00176754 /* AVOSCloud.framework in Frameworks */,
				E0A7B35BD2C6CDB433559D7E /* Pods_Instagram.framework in Frameworks */,
			);
			runOnlyForDeploymentPostprocessing = 0;
		};
/* End PBXFrameworksBuildPhase section */

/* Begin PBXGroup section */
		473278E71D1B389B00176754 = {
			isa = PBXGroup;
			children = (
				473279051D1B38DC00176754 /* Frameworks */,
				473278F21D1B389B00176754 /* Instagram */,
				473278F11D1B389B00176754 /* Products */,
				DE832EEEBB64C1CA7D3DF515 /* Pods */,
			);
			sourceTree = "<group>";
		};
		473278F11D1B389B00176754 /* Products */ = {
			isa = PBXGroup;
			children = (
				473278F01D1B389B00176754 /* Instagram.app */,
			);
			name = Products;
			sourceTree = "<group>";
		};
		473278F21D1B389B00176754 /* Instagram */ = {
			isa = PBXGroup;
			children = (
				37390D6F1EC8852800E7A456 /* FSCalendarScopeViewController.swift */,
				37390D6D1EC8842900E7A456 /* Images.xcassets */,
				37390D611EC8824100E7A456 /* DelegateAppearanceViewController.swift */,
				37390D5F1EC881E500E7A456 /* TableViewController.swift */,
				37390D571EC880ED00E7A456 /* CalendarConfigViewController.swift */,
				37390D581EC880ED00E7A456 /* InterfaceBuilderViewController.swift */,
				37390D591EC880ED00E7A456 /* LoadViewExampleViewController.swift */,
				37390D5A1EC880ED00E7A456 /* ViewController.swift */,
				37390D551EC87C0D00E7A456 /* DIYExampleViewController.swift */,
				37390D531EC87C0500E7A456 /* DIYCalendarCell.swift */,
				37390D511EC85DE000E7A456 /* PlanVC.swift */,
				370DB7F51EC6905B00B8133E /* FollowersCell.swift */,
				370DB7F31EC6902100B8133E /* FollowersVC.swift */,
				4727986E1D1E473D00627A1F /* pp.jpg */,
				370DB7E71EC42B0100B8133E /* AlertViewHelper.swift */,
				473278F31D1B389B00176754 /* AppDelegate.swift */,
				473278F71D1B389B00176754 /* Main.storyboard */,
				377943CC1EC6A3F9009A091C /* Home2VC.swift */,
				473278FA1D1B389B00176754 /* Assets.xcassets */,
				473278FC1D1B389B00176754 /* LaunchScreen.storyboard */,
				473278FF1D1B389B00176754 /* Info.plist */,
				4732790B1D1B425C00176754 /* SignInVC.swift */,
				4732790D1D1B428300176754 /* SignUpVC.swift */,
				37EE95C11EC1F8D200C98ACE /* SignUpVCparents.swift */,
				37EE95BF1EC1F8BA00C98ACE /* SignUpVCteacher.swift */,
				4732790F1D1B429700176754 /* ResetPasswordVC.swift */,
				478143BB1D2409DB003C4A1B /* Pacifico.ttf */,
				478143BD1D247B65003C4A1B /* bg.jpg */,
				37EE95BD1EC0C9EA00C98ACE /* selectVC.swift */,
				370DB7E91EC4534E00B8133E /* MainPageVC.swift */,
				370DB7EB1EC4B85F00B8133E /* HomeVC.swift */,
				370DB7ED1EC4B89B00B8133E /* HeaderView.swift */,
				370DB7EF1EC4BA9300B8133E /* PictureCell.swift */,
			);
			path = Instagram;
			sourceTree = "<group>";
		};
		473279051D1B38DC00176754 /* Frameworks */ = {
			isa = PBXGroup;
			children = (
				473279061D1B393C00176754 /* AVOSCloud.framework */,
				0C045292FED05C8662FE8D97 /* Pods_Instagram.framework */,
			);
			name = Frameworks;
			sourceTree = "<group>";
		};
		DE832EEEBB64C1CA7D3DF515 /* Pods */ = {
			isa = PBXGroup;
			children = (
				2001C927CB583DEAA2DE2EDE /* Pods-Instagram.debug.xcconfig */,
				2018106C744ED7197F31ECE1 /* Pods-Instagram.release.xcconfig */,
			);
			name = Pods;
			sourceTree = "<group>";
		};
/* End PBXGroup section */

/* Begin PBXNativeTarget section */
		473278EF1D1B389B00176754 /* Instagram */ = {
			isa = PBXNativeTarget;
			buildConfigurationList = 473279021D1B389B00176754 /* Build configuration list for PBXNativeTarget "Instagram" */;
			buildPhases = (
				A99097CC96793C97BC475BAA /* [CP] Check Pods Manifest.lock */,
				473278EC1D1B389B00176754 /* Sources */,
				473278ED1D1B389B00176754 /* Frameworks */,
				473278EE1D1B389B00176754 /* Resources */,
				4732790A1D1B395000176754 /* Embed Frameworks */,
				7A94AED9A7DCFFAB671EE512 /* [CP] Embed Pods Frameworks */,
				807C265E0CA34377F9D7D1B5 /* [CP] Copy Pods Resources */,
			);
			buildRules = (
			);
			dependencies = (
			);
			name = Instagram;
			productName = Instagram;
			productReference = 473278F01D1B389B00176754 /* Instagram.app */;
			productType = "com.apple.product-type.application";
		};
/* End PBXNativeTarget section */

/* Begin PBXProject section */
		473278E81D1B389B00176754 /* Project object */ = {
			isa = PBXProject;
			attributes = {
				LastSwiftUpdateCheck = 0800;
				LastUpgradeCheck = 0800;
				ORGANIZATIONNAME = "刘铭";
				TargetAttributes = {
					473278EF1D1B389B00176754 = {
						CreatedOnToolsVersion = 8.0;
						DevelopmentTeam = Z3W45GNWDZ;
						DevelopmentTeamName = "ming liu";
						ProvisioningStyle = Automatic;
					};
				};
			};
			buildConfigurationList = 473278EB1D1B389B00176754 /* Build configuration list for PBXProject "Instagram" */;
			compatibilityVersion = "Xcode 3.2";
			developmentRegion = English;
			hasScannedForEncodings = 0;
			knownRegions = (
				en,
				Base,
			);
			mainGroup = 473278E71D1B389B00176754;
			productRefGroup = 473278F11D1B389B00176754 /* Products */;
			projectDirPath = "";
			projectRoot = "";
			targets = (
				473278EF1D1B389B00176754 /* Instagram */,
			);
		};
/* End PBXProject section */

/* Begin PBXResourcesBuildPhase section */
		473278EE1D1B389B00176754 /* Resources */ = {
			isa = PBXResourcesBuildPhase;
			buildActionMask = 2147483647;
			files = (
				473278FE1D1B389B00176754 /* LaunchScreen.storyboard in Resources */,
				478143BC1D2409DB003C4A1B /* Pacifico.ttf in Resources */,
				37390D6E1EC8842900E7A456 /* Images.xcassets in Resources */,
				4727986F1D1E473D00627A1F /* pp.jpg in Resources */,
				473278FB1D1B389B00176754 /* Assets.xcassets in Resources */,
				478143BE1D247B65003C4A1B /* bg.jpg in Resources */,
				473278F91D1B389B00176754 /* Main.storyboard in Resources */,
			);
			runOnlyForDeploymentPostprocessing = 0;
		};
/* End PBXResourcesBuildPhase section */

/* Begin PBXShellScriptBuildPhase section */
		7A94AED9A7DCFFAB671EE512 /* [CP] Embed Pods Frameworks */ = {
			isa = PBXShellScriptBuildPhase;
			buildActionMask = 2147483647;
			files = (
			);
			inputPaths = (
			);
			name = "[CP] Embed Pods Frameworks";
			outputPaths = (
			);
			runOnlyForDeploymentPostprocessing = 0;
			shellPath = /bin/sh;
			shellScript = "\"${SRCROOT}/Pods/Target Support Files/Pods-Instagram/Pods-Instagram-frameworks.sh\"\n";
			showEnvVarsInLog = 0;
		};
		807C265E0CA34377F9D7D1B5 /* [CP] Copy Pods Resources */ = {
			isa = PBXShellScriptBuildPhase;
			buildActionMask = 2147483647;
			files = (
			);
			inputPaths = (
			);
			name = "[CP] Copy Pods Resources";
			outputPaths = (
			);
			runOnlyForDeploymentPostprocessing = 0;
			shellPath = /bin/sh;
			shellScript = "\"${SRCROOT}/Pods/Target Support Files/Pods-Instagram/Pods-Instagram-resources.sh\"\n";
			showEnvVarsInLog = 0;
		};
		A99097CC96793C97BC475BAA /* [CP] Check Pods Manifest.lock */ = {
			isa = PBXShellScriptBuildPhase;
			buildActionMask = 2147483647;
			files = (
			);
			inputPaths = (
			);
			name = "[CP] Check Pods Manifest.lock";
			outputPaths = (
			);
			runOnlyForDeploymentPostprocessing = 0;
			shellPath = /bin/sh;
			shellScript = "diff \"${PODS_PODFILE_DIR_PATH}/Podfile.lock\" \"${PODS_ROOT}/Manifest.lock\" > /dev/null\nif [ $? != 0 ] ; then\n    # print error to STDERR\n    echo \"error: The sandbox is not in sync with the Podfile.lock. Run 'pod install' or update your CocoaPods installation.\" >&2\n    exit 1\nfi\n";
			showEnvVarsInLog = 0;
		};
/* End PBXShellScriptBuildPhase section */

/* Begin PBXSourcesBuildPhase section */
		473278EC1D1B389B00176754 /* Sources */ = {
			isa = PBXSourcesBuildPhase;
			buildActionMask = 2147483647;
			files = (
				37390D601EC881E500E7A456 /* TableViewController.swift in Sources */,
				370DB7F41EC6902100B8133E /* FollowersVC.swift in Sources */,
				377943CD1EC6A3F9009A091C /* Home2VC.swift in Sources */,
				37390D701EC8852800E7A456 /* FSCalendarScopeViewController.swift in Sources */,
				473278F41D1B389B00176754 /* AppDelegate.swift in Sources */,
				370DB7EC1EC4B85F00B8133E /* HomeVC.swift in Sources */,
				37390D5E1EC880ED00E7A456 /* ViewController.swift in Sources */,
				4732790E1D1B428300176754 /* SignUpVC.swift in Sources */,
				37EE95C21EC1F8D200C98ACE /* SignUpVCparents.swift in Sources */,
				370DB7F61EC6905B00B8133E /* FollowersCell.swift in Sources */,
				37390D5D1EC880ED00E7A456 /* LoadViewExampleViewController.swift in Sources */,
				370DB7E81EC42B0100B8133E /* AlertViewHelper.swift in Sources */,
				37390D621EC8824100E7A456 /* DelegateAppearanceViewController.swift in Sources */,
				4732790C1D1B425C00176754 /* SignInVC.swift in Sources */,
				37EE95C01EC1F8BA00C98ACE /* SignUpVCteacher.swift in Sources */,
				370DB7EE1EC4B89B00B8133E /* HeaderView.swift in Sources */,
				37390D541EC87C0500E7A456 /* DIYCalendarCell.swift in Sources */,
				37390D561EC87C0D00E7A456 /* DIYExampleViewController.swift in Sources */,
				37390D521EC85DE000E7A456 /* PlanVC.swift in Sources */,
				37390D5C1EC880ED00E7A456 /* InterfaceBuilderViewController.swift in Sources */,
				370DB7F01EC4BA9300B8133E /* PictureCell.swift in Sources */,
				37EE95BE1EC0C9EA00C98ACE /* selectVC.swift in Sources */,
				370DB7EA1EC4534E00B8133E /* MainPageVC.swift in Sources */,
				473279101D1B429700176754 /* ResetPasswordVC.swift in Sources */,
				37390D5B1EC880ED00E7A456 /* CalendarConfigViewController.swift in Sources */,
			);
			runOnlyForDeploymentPostprocessing = 0;
		};
/* End PBXSourcesBuildPhase section */

/* Begin PBXVariantGroup section */
		473278F71D1B389B00176754 /* Main.storyboard */ = {
			isa = PBXVariantGroup;
			children = (
				473278F81D1B389B00176754 /* Base */,
			);
			name = Main.storyboard;
			sourceTree = "<group>";
		};
		473278FC1D1B389B00176754 /* LaunchScreen.storyboard */ = {
			isa = PBXVariantGroup;
			children = (
				473278FD1D1B389B00176754 /* Base */,
			);
			name = LaunchScreen.storyboard;
			sourceTree = "<group>";
		};
/* End PBXVariantGroup section */

/* Begin XCBuildConfiguration section */
		473279001D1B389B00176754 /* Debug */ = {
			isa = XCBuildConfiguration;
			buildSettings = {
				ALWAYS_SEARCH_USER_PATHS = NO;
				CLANG_ANALYZER_NONNULL = YES;
				CLANG_CXX_LANGUAGE_STANDARD = "gnu++0x";
				CLANG_CXX_LIBRARY = "libc++";
				CLANG_ENABLE_MODULES = YES;
				CLANG_ENABLE_OBJC_ARC = YES;
				CLANG_WARN_BOOL_CONVERSION = YES;
				CLANG_WARN_CONSTANT_CONVERSION = YES;
				CLANG_WARN_DIRECT_OBJC_ISA_USAGE = YES_ERROR;
				CLANG_WARN_DOCUMENTATION_COMMENTS = YES;
				CLANG_WARN_EMPTY_BODY = YES;
				CLANG_WARN_ENUM_CONVERSION = YES;
				CLANG_WARN_INT_CONVERSION = YES;
				CLANG_WARN_OBJC_ROOT_CLASS = YES_ERROR;
				CLANG_WARN_UNREACHABLE_CODE = YES;
				CLANG_WARN__DUPLICATE_METHOD_MATCH = YES;
				"CODE_SIGN_IDENTITY[sdk=iphoneos*]" = "iPhone Developer";
				COPY_PHASE_STRIP = NO;
				DEBUG_INFORMATION_FORMAT = dwarf;
				ENABLE_STRICT_OBJC_MSGSEND = YES;
				ENABLE_TESTABILITY = YES;
				GCC_C_LANGUAGE_STANDARD = gnu99;
				GCC_DYNAMIC_NO_PIC = NO;
				GCC_NO_COMMON_BLOCKS = YES;
				GCC_OPTIMIZATION_LEVEL = 0;
				GCC_PREPROCESSOR_DEFINITIONS = (
					"DEBUG=1",
					"$(inherited)",
				);
				GCC_WARN_64_TO_32_BIT_CONVERSION = YES;
				GCC_WARN_ABOUT_RETURN_TYPE = YES_ERROR;
				GCC_WARN_UNDECLARED_SELECTOR = YES;
				GCC_WARN_UNINITIALIZED_AUTOS = YES_AGGRESSIVE;
				GCC_WARN_UNUSED_FUNCTION = YES;
				GCC_WARN_UNUSED_VARIABLE = YES;
				IPHONEOS_DEPLOYMENT_TARGET = 10.0;
				MTL_ENABLE_DEBUG_INFO = YES;
				ONLY_ACTIVE_ARCH = YES;
				SDKROOT = iphoneos;
				SWIFT_ACTIVE_COMPILATION_CONDITIONS = DEBUG;
				SWIFT_OPTIMIZATION_LEVEL = "-Onone";
			};
			name = Debug;
		};
		473279011D1B389B00176754 /* Release */ = {
			isa = XCBuildConfiguration;
			buildSettings = {
				ALWAYS_SEARCH_USER_PATHS = NO;
				CLANG_ANALYZER_NONNULL = YES;
				CLANG_CXX_LANGUAGE_STANDARD = "gnu++0x";
				CLANG_CXX_LIBRARY = "libc++";
				CLANG_ENABLE_MODULES = YES;
				CLANG_ENABLE_OBJC_ARC = YES;
				CLANG_WARN_BOOL_CONVERSION = YES;
				CLANG_WARN_CONSTANT_CONVERSION = YES;
				CLANG_WARN_DIRECT_OBJC_ISA_USAGE = YES_ERROR;
				CLANG_WARN_DOCUMENTATION_COMMENTS = YES;
				CLANG_WARN_EMPTY_BODY = YES;
				CLANG_WARN_ENUM_CONVERSION = YES;
				CLANG_WARN_INT_CONVERSION = YES;
				CLANG_WARN_OBJC_ROOT_CLASS = YES_ERROR;
				CLANG_WARN_UNREACHABLE_CODE = YES;
				CLANG_WARN__DUPLICATE_METHOD_MATCH = YES;
				"CODE_SIGN_IDENTITY[sdk=iphoneos*]" = "iPhone Developer";
				COPY_PHASE_STRIP = NO;
				DEBUG_INFORMATION_FORMAT = "dwarf-with-dsym";
				ENABLE_NS_ASSERTIONS = NO;
				ENABLE_STRICT_OBJC_MSGSEND = YES;
				GCC_C_LANGUAGE_STANDARD = gnu99;
				GCC_NO_COMMON_BLOCKS = YES;
				GCC_WARN_64_TO_32_BIT_CONVERSION = YES;
				GCC_WARN_ABOUT_RETURN_TYPE = YES_ERROR;
				GCC_WARN_UNDECLARED_SELECTOR = YES;
				GCC_WARN_UNINITIALIZED_AUTOS = YES_AGGRESSIVE;
				GCC_WARN_UNUSED_FUNCTION = YES;
				GCC_WARN_UNUSED_VARIABLE = YES;
				IPHONEOS_DEPLOYMENT_TARGET = 10.0;
				MTL_ENABLE_DEBUG_INFO = NO;
				SDKROOT = iphoneos;
				SWIFT_OPTIMIZATION_LEVEL = "-Owholemodule";
				VALIDATE_PRODUCT = YES;
			};
			name = Release;
		};
		473279031D1B389B00176754 /* Debug */ = {
			isa = XCBuildConfiguration;
			baseConfigurationReference = 2001C927CB583DEAA2DE2EDE /* Pods-Instagram.debug.xcconfig */;
			buildSettings = {
				ASSETCATALOG_COMPILER_APPICON_NAME = AppIcon;
				FRAMEWORK_SEARCH_PATHS = (
					"$(inherited)",
					"$(PROJECT_DIR)",
				);
				INFOPLIST_FILE = Instagram/Info.plist;
				LD_RUNPATH_SEARCH_PATHS = "$(inherited) @executable_path/Frameworks";
				PRODUCT_BUNDLE_IDENTIFIER = cn.liuming.Instagram;
				PRODUCT_NAME = "$(TARGET_NAME)";
				SWIFT_VERSION = 3.0;
			};
			name = Debug;
		};
		473279041D1B389B00176754 /* Release */ = {
			isa = XCBuildConfiguration;
			baseConfigurationReference = 2018106C744ED7197F31ECE1 /* Pods-Instagram.release.xcconfig */;
			buildSettings = {
				ASSETCATALOG_COMPILER_APPICON_NAME = AppIcon;
				FRAMEWORK_SEARCH_PATHS = (
					"$(inherited)",
					"$(PROJECT_DIR)",
				);
				INFOPLIST_FILE = Instagram/Info.plist;
				LD_RUNPATH_SEARCH_PATHS = "$(inherited) @executable_path/Frameworks";
				PRODUCT_BUNDLE_IDENTIFIER = cn.liuming.Instagram;
				PRODUCT_NAME = "$(TARGET_NAME)";
				SWIFT_VERSION = 3.0;
			};
			name = Release;
		};
/* End XCBuildConfiguration section */

/* Begin XCConfigurationList section */
		473278EB1D1B389B00176754 /* Build configuration list for PBXProject "Instagram" */ = {
			isa = XCConfigurationList;
			buildConfigurations = (
				473279001D1B389B00176754 /* Debug */,
				473279011D1B389B00176754 /* Release */,
			);
			defaultConfigurationIsVisible = 0;
			defaultConfigurationName = Release;
		};
		473279021D1B389B00176754 /* Build configuration list for PBXNativeTarget "Instagram" */ = {
			isa = XCConfigurationList;
			buildConfigurations = (
				473279031D1B389B00176754 /* Debug */,
				473279041D1B389B00176754 /* Release */,
			);
			defaultConfigurationIsVisible = 0;
			defaultConfigurationName = Release;
		};
/* End XCConfigurationList section */
	};
	rootObject = 473278E81D1B389B00176754 /* Project object */;
}
